// !$*UTF8*$!
{
	archiveVersion = 1;
	classes = {
	};
	objectVersion = 50;
	objects = {

/* Begin PBXBuildFile section */
		65EE329624F509DC00F1AF13 /* AlamoClient.h in Headers */ = {isa = PBXBuildFile; fileRef = 65EE329424F509DC00F1AF13 /* AlamoClient.h */; settings = {ATTRIBUTES = (Public, ); }; };
		65EE32A124F509FE00F1AF13 /* ACUtils.swift in Sources */ = {isa = PBXBuildFile; fileRef = 65EE329C24F509FE00F1AF13 /* ACUtils.swift */; };
		65EE32A224F509FE00F1AF13 /* AlamoClient.swift in Sources */ = {isa = PBXBuildFile; fileRef = 65EE329D24F509FE00F1AF13 /* AlamoClient.swift */; };
		65EE32A324F509FE00F1AF13 /* ACError.swift in Sources */ = {isa = PBXBuildFile; fileRef = 65EE329E24F509FE00F1AF13 /* ACError.swift */; };
		65EE32A424F509FE00F1AF13 /* ACModels.swift in Sources */ = {isa = PBXBuildFile; fileRef = 65EE329F24F509FE00F1AF13 /* ACModels.swift */; };
		65EE32A524F509FE00F1AF13 /* ACProtocols.swift in Sources */ = {isa = PBXBuildFile; fileRef = 65EE32A024F509FE00F1AF13 /* ACProtocols.swift */; };
/* End PBXBuildFile section */

/* Begin PBXFileReference section */
		65EE329124F509DC00F1AF13 /* AlamoClient.framework */ = {isa = PBXFileReference; explicitFileType = wrapper.framework; includeInIndex = 0; path = AlamoClient.framework; sourceTree = BUILT_PRODUCTS_DIR; };
		65EE329424F509DC00F1AF13 /* AlamoClient.h */ = {isa = PBXFileReference; lastKnownFileType = sourcecode.c.h; path = AlamoClient.h; sourceTree = "<group>"; };
		65EE329524F509DC00F1AF13 /* Info.plist */ = {isa = PBXFileReference; lastKnownFileType = text.plist.xml; path = Info.plist; sourceTree = "<group>"; };
		65EE329C24F509FE00F1AF13 /* ACUtils.swift */ = {isa = PBXFileReference; fileEncoding = 4; lastKnownFileType = sourcecode.swift; name = ACUtils.swift; path = ../../sources/ACUtils.swift; sourceTree = "<group>"; };
		65EE329D24F509FE00F1AF13 /* AlamoClient.swift */ = {isa = PBXFileReference; fileEncoding = 4; lastKnownFileType = sourcecode.swift; name = AlamoClient.swift; path = ../../sources/AlamoClient.swift; sourceTree = "<group>"; };
		65EE329E24F509FE00F1AF13 /* ACError.swift */ = {isa = PBXFileReference; fileEncoding = 4; lastKnownFileType = sourcecode.swift; name = ACError.swift; path = ../../sources/ACError.swift; sourceTree = "<group>"; };
		65EE329F24F509FE00F1AF13 /* ACModels.swift */ = {isa = PBXFileReference; fileEncoding = 4; lastKnownFileType = sourcecode.swift; name = ACModels.swift; path = ../../sources/ACModels.swift; sourceTree = "<group>"; };
		65EE32A024F509FE00F1AF13 /* ACProtocols.swift */ = {isa = PBXFileReference; fileEncoding = 4; lastKnownFileType = sourcecode.swift; name = ACProtocols.swift; path = ../../sources/ACProtocols.swift; sourceTree = "<group>"; };
/* End PBXFileReference section */

/* Begin PBXFrameworksBuildPhase section */
		65EE328E24F509DC00F1AF13 /* Frameworks */ = {
			isa = PBXFrameworksBuildPhase;
			buildActionMask = 2147483647;
			files = (
			);
			runOnlyForDeploymentPostprocessing = 0;
		};
/* End PBXFrameworksBuildPhase section */

/* Begin PBXGroup section */
		65EE328724F509DB00F1AF13 = {
			isa = PBXGroup;
			children = (
				65EE329324F509DC00F1AF13 /* AlamoClient */,
				65EE329224F509DC00F1AF13 /* Products */,
			);
			sourceTree = "<group>";
		};
		65EE329224F509DC00F1AF13 /* Products */ = {
			isa = PBXGroup;
			children = (
				65EE329124F509DC00F1AF13 /* AlamoClient.framework */,
			);
			name = Products;
			sourceTree = "<group>";
		};
		65EE329324F509DC00F1AF13 /* AlamoClient */ = {
			isa = PBXGroup;
			children = (
				65EE329424F509DC00F1AF13 /* AlamoClient.h */,
				65EE329524F509DC00F1AF13 /* Info.plist */,
				65EE329E24F509FE00F1AF13 /* ACError.swift */,
				65EE329F24F509FE00F1AF13 /* ACModels.swift */,
				65EE32A024F509FE00F1AF13 /* ACProtocols.swift */,
				65EE329C24F509FE00F1AF13 /* ACUtils.swift */,
				65EE329D24F509FE00F1AF13 /* AlamoClient.swift */,
			);
			path = AlamoClient;
			sourceTree = "<group>";
		};
/* End PBXGroup section */

/* Begin PBXHeadersBuildPhase section */
		65EE328C24F509DC00F1AF13 /* Headers */ = {
			isa = PBXHeadersBuildPhase;
			buildActionMask = 2147483647;
			files = (
				65EE329624F509DC00F1AF13 /* AlamoClient.h in Headers */,
			);
			runOnlyForDeploymentPostprocessing = 0;
		};
/* End PBXHeadersBuildPhase section */

/* Begin PBXNativeTarget section */
		65EE329024F509DC00F1AF13 /* AlamoClient */ = {
			isa = PBXNativeTarget;
			buildConfigurationList = 65EE329924F509DC00F1AF13 /* Build configuration list for PBXNativeTarget "AlamoClient" */;
			buildPhases = (
				65EE328C24F509DC00F1AF13 /* Headers */,
				65EE328D24F509DC00F1AF13 /* Sources */,
				65EE328E24F509DC00F1AF13 /* Frameworks */,
				65EE328F24F509DC00F1AF13 /* Resources */,
			);
			buildRules = (
			);
			dependencies = (
			);
			name = AlamoClient;
			productName = AlamoClient;
			productReference = 65EE329124F509DC00F1AF13 /* AlamoClient.framework */;
			productType = "com.apple.product-type.framework";
		};
/* End PBXNativeTarget section */

/* Begin PBXProject section */
		65EE328824F509DB00F1AF13 /* Project object */ = {
			isa = PBXProject;
			attributes = {
				LastUpgradeCheck = 1160;
				ORGANIZATIONNAME = "Manshiro Ogikubo";
				TargetAttributes = {
					65EE329024F509DC00F1AF13 = {
						CreatedOnToolsVersion = 11.6;
						LastSwiftMigration = 1160;
					};
				};
			};
			buildConfigurationList = 65EE328B24F509DB00F1AF13 /* Build configuration list for PBXProject "AlamoClient" */;
			compatibilityVersion = "Xcode 9.3";
			developmentRegion = en;
			hasScannedForEncodings = 0;
			knownRegions = (
				en,
				Base,
			);
			mainGroup = 65EE328724F509DB00F1AF13;
			productRefGroup = 65EE329224F509DC00F1AF13 /* Products */;
			projectDirPath = "";
			projectRoot = "";
			targets = (
				65EE329024F509DC00F1AF13 /* AlamoClient */,
			);
		};
/* End PBXProject section */

/* Begin PBXResourcesBuildPhase section */
		65EE328F24F509DC00F1AF13 /* Resources */ = {
			isa = PBXResourcesBuildPhase;
			buildActionMask = 2147483647;
			files = (
			);
			runOnlyForDeploymentPostprocessing = 0;
		};
/* End PBXResourcesBuildPhase section */

/* Begin PBXSourcesBuildPhase section */
		65EE328D24F509DC00F1AF13 /* Sources */ = {
			isa = PBXSourcesBuildPhase;
			buildActionMask = 2147483647;
			files = (
				65EE32A124F509FE00F1AF13 /* ACUtils.swift in Sources */,
				65EE32A524F509FE00F1AF13 /* ACProtocols.swift in Sources */,
				65EE32A424F509FE00F1AF13 /* ACModels.swift in Sources */,
				65EE32A324F509FE00F1AF13 /* ACError.swift in Sources */,
				65EE32A224F509FE00F1AF13 /* AlamoClient.swift in Sources */,
			);
			runOnlyForDeploymentPostprocessing = 0;
		};
/* End PBXSourcesBuildPhase section */

/* Begin XCBuildConfiguration section */
		65EE329724F509DC00F1AF13 /* Debug */ = {
			isa = XCBuildConfiguration;
			buildSettings = {
				ALWAYS_SEARCH_USER_PATHS = NO;
				CLANG_ANALYZER_NONNULL = YES;
				CLANG_ANALYZER_NUMBER_OBJECT_CONVERSION = YES_AGGRESSIVE;
				CLANG_CXX_LANGUAGE_STANDARD = "gnu++14";
				CLANG_CXX_LIBRARY = "libc++";
				CLANG_ENABLE_MODULES = YES;
				CLANG_ENABLE_OBJC_ARC = YES;
				CLANG_ENABLE_OBJC_WEAK = YES;
				CLANG_WARN_BLOCK_CAPTURE_AUTORELEASING = YES;
				CLANG_WARN_BOOL_CONVERSION = YES;
				CLANG_WARN_COMMA = YES;
				CLANG_WARN_CONSTANT_CONVERSION = YES;
				CLANG_WARN_DEPRECATED_OBJC_IMPLEMENTATIONS = YES;
				CLANG_WARN_DIRECT_OBJC_ISA_USAGE = YES_ERROR;
				CLANG_WARN_DOCUMENTATION_COMMENTS = YES;
				CLANG_WARN_EMPTY_BODY = YES;
				CLANG_WARN_ENUM_CONVERSION = YES;
				CLANG_WARN_INFINITE_RECURSION = YES;
				CLANG_WARN_INT_CONVERSION = YES;
				CLANG_WARN_NON_LITERAL_NULL_CONVERSION = YES;
				CLANG_WARN_OBJC_IMPLICIT_RETAIN_SELF = YES;
				CLANG_WARN_OBJC_LITERAL_CONVERSION = YES;
				CLANG_WARN_OBJC_ROOT_CLASS = YES_ERROR;
				CLANG_WARN_RANGE_LOOP_ANALYSIS = YES;
				CLANG_WARN_STRICT_PROTOTYPES = YES;
				CLANG_WARN_SUSPICIOUS_MOVE = YES;
				CLANG_WARN_UNGUARDED_AVAILABILITY = YES_AGGRESSIVE;
				CLANG_WARN_UNREACHABLE_CODE = YES;
				CLANG_WARN__DUPLICATE_METHOD_MATCH = YES;
				COPY_PHASE_STRIP = NO;
				CURRENT_PROJECT_VERSION = 1;
				DEBUG_INFORMATION_FORMAT = dwarf;
				ENABLE_STRICT_OBJC_MSGSEND = YES;
				ENABLE_TESTABILITY = YES;
				GCC_C_LANGUAGE_STANDARD = gnu11;
				GCC_DYNAMIC_NO_PIC = NO;
				GCC_NO_COMMON_BLOCKS = YES;
				GCC_OPTIMIZATION_LEVEL = 0;
				GCC_PREPROCESSOR_DEFINITIONS = (
					"DEBUG=1",
					"$(inherited)",
				);
				GCC_WARN_64_TO_32_BIT_CONVERSION = YES;
				GCC_WARN_ABOUT_RETURN_TYPE = YES_ERROR;
				GCC_WARN_UNDECLARED_SELECTOR = YES;
				GCC_WARN_UNINITIALIZED_AUTOS = YES_AGGRESSIVE;
				GCC_WARN_UNUSED_FUNCTION = YES;
				GCC_WARN_UNUSED_VARIABLE = YES;
				IPHONEOS_DEPLOYMENT_TARGET = 13.6;
				MTL_ENABLE_DEBUG_INFO = INCLUDE_SOURCE;
				MTL_FAST_MATH = YES;
				ONLY_ACTIVE_ARCH = YES;
				SDKROOT = iphoneos;
				SWIFT_ACTIVE_COMPILATION_CONDITIONS = DEBUG;
				SWIFT_OPTIMIZATION_LEVEL = "-Onone";
				VERSIONING_SYSTEM = "apple-generic";
				VERSION_INFO_PREFIX = "";
			};
			name = Debug;
		};
		65EE329824F509DC00F1AF13 /* Release */ = {
			isa = XCBuildConfiguration;
			buildSettings = {
				ALWAYS_SEARCH_USER_PATHS = NO;
				CLANG_ANALYZER_NONNULL = YES;
				CLANG_ANALYZER_NUMBER_OBJECT_CONVERSION = YES_AGGRESSIVE;
				CLANG_CXX_LANGUAGE_STANDARD = "gnu++14";
				CLANG_CXX_LIBRARY = "libc++";
				CLANG_ENABLE_MODULES = YES;
				CLANG_ENABLE_OBJC_ARC = YES;
				CLANG_ENABLE_OBJC_WEAK = YES;
				CLANG_WARN_BLOCK_CAPTURE_AUTORELEASING = YES;
				CLANG_WARN_BOOL_CONVERSION = YES;
				CLANG_WARN_COMMA = YES;
				CLANG_WARN_CONSTANT_CONVERSION = YES;
				CLANG_WARN_DEPRECATED_OBJC_IMPLEMENTATIONS = YES;
				CLANG_WARN_DIRECT_OBJC_ISA_USAGE = YES_ERROR;
				CLANG_WARN_DOCUMENTATION_COMMENTS = YES;
				CLANG_WARN_EMPTY_BODY = YES;
				CLANG_WARN_ENUM_CONVERSION = YES;
				CLANG_WARN_INFINITE_RECURSION = YES;
				CLANG_WARN_INT_CONVERSION = YES;
				CLANG_WARN_NON_LITERAL_NULL_CONVERSION = YES;
				CLANG_WARN_OBJC_IMPLICIT_RETAIN_SELF = YES;
				CLANG_WARN_OBJC_LITERAL_CONVERSION = YES;
				CLANG_WARN_OBJC_ROOT_CLASS = YES_ERROR;
				CLANG_WARN_RANGE_LOOP_ANALYSIS = YES;
				CLANG_WARN_STRICT_PROTOTYPES = YES;
				CLANG_WARN_SUSPICIOUS_MOVE = YES;
				CLANG_WARN_UNGUARDED_AVAILABILITY = YES_AGGRESSIVE;
				CLANG_WARN_UNREACHABLE_CODE = YES;
				CLANG_WARN__DUPLICATE_METHOD_MATCH = YES;
				COPY_PHASE_STRIP = NO;
				CURRENT_PROJECT_VERSION = 1;
				DEBUG_INFORMATION_FORMAT = "dwarf-with-dsym";
				ENABLE_NS_ASSERTIONS = NO;
				ENABLE_STRICT_OBJC_MSGSEND = YES;
				GCC_C_LANGUAGE_STANDARD = gnu11;
				GCC_NO_COMMON_BLOCKS = YES;
				GCC_WARN_64_TO_32_BIT_CONVERSION = YES;
				GCC_WARN_ABOUT_RETURN_TYPE = YES_ERROR;
				GCC_WARN_UNDECLARED_SELECTOR = YES;
				GCC_WARN_UNINITIALIZED_AUTOS = YES_AGGRESSIVE;
				GCC_WARN_UNUSED_FUNCTION = YES;
				GCC_WARN_UNUSED_VARIABLE = YES;
				IPHONEOS_DEPLOYMENT_TARGET = 13.6;
				MTL_ENABLE_DEBUG_INFO = NO;
				MTL_FAST_MATH = YES;
				SDKROOT = iphoneos;
				SWIFT_COMPILATION_MODE = wholemodule;
				SWIFT_OPTIMIZATION_LEVEL = "-O";
				VALIDATE_PRODUCT = YES;
				VERSIONING_SYSTEM = "apple-generic";
				VERSION_INFO_PREFIX = "";
			};
			name = Release;
		};
		65EE329A24F509DC00F1AF13 /* Debug */ = {
			isa = XCBuildConfiguration;
			buildSettings = {
				CLANG_ENABLE_MODULES = YES;
				CODE_SIGN_STYLE = Automatic;
				DEFINES_MODULE = YES;
				DEVELOPMENT_TEAM = D785C3N59J;
				DYLIB_COMPATIBILITY_VERSION = 1;
				DYLIB_CURRENT_VERSION = 1;
				DYLIB_INSTALL_NAME_BASE = "@rpath";
				INFOPLIST_FILE = AlamoClient/Info.plist;
				INSTALL_PATH = "$(LOCAL_LIBRARY_DIR)/Frameworks";
				LD_RUNPATH_SEARCH_PATHS = (
					"$(inherited)",
					"@executable_path/Frameworks",
					"@loader_path/Frameworks",
				);
				PRODUCT_BUNDLE_IDENTIFIER = com.dot6room.AlamoClient;
				PRODUCT_NAME = "$(TARGET_NAME:c99extidentifier)";
				SKIP_INSTALL = YES;
				SWIFT_OPTIMIZATION_LEVEL = "-Onone";
				SWIFT_VERSION = 5.0;
				TARGETED_DEVICE_FAMILY = "1,2";
			};
			name = Debug;
		};
		65EE329B24F509DC00F1AF13 /* Release */ = {
			isa = XCBuildConfiguration;
			buildSettings = {
				CLANG_ENABLE_MODULES = YES;
				CODE_SIGN_STYLE = Automatic;
				DEFINES_MODULE = YES;
				DEVELOPMENT_TEAM = D785C3N59J;
				DYLIB_COMPATIBILITY_VERSION = 1;
				DYLIB_CURRENT_VERSION = 1;
				DYLIB_INSTALL_NAME_BASE = "@rpath";
				INFOPLIST_FILE = AlamoClient/Info.plist;
				INSTALL_PATH = "$(LOCAL_LIBRARY_DIR)/Frameworks";
				LD_RUNPATH_SEARCH_PATHS = (
					"$(inherited)",
					"@executable_path/Frameworks",
					"@loader_path/Frameworks",
				);
				PRODUCT_BUNDLE_IDENTIFIER = com.dot6room.AlamoClient;
				PRODUCT_NAME = "$(TARGET_NAME:c99extidentifier)";
				SKIP_INSTALL = YES;
				SWIFT_VERSION = 5.0;
				TARGETED_DEVICE_FAMILY = "1,2";
			};
			name = Release;
		};
/* End XCBuildConfiguration section */

/* Begin XCConfigurationList section */
		65EE328B24F509DB00F1AF13 /* Build configuration list for PBXProject "AlamoClient" */ = {
			isa = XCConfigurationList;
			buildConfigurations = (
				65EE329724F509DC00F1AF13 /* Debug */,
				65EE329824F509DC00F1AF13 /* Release */,
			);
			defaultConfigurationIsVisible = 0;
			defaultConfigurationName = Release;
		};
		65EE329924F509DC00F1AF13 /* Build configuration list for PBXNativeTarget "AlamoClient" */ = {
			isa = XCConfigurationList;
			buildConfigurations = (
				65EE329A24F509DC00F1AF13 /* Debug */,
				65EE329B24F509DC00F1AF13 /* Release */,
			);
			defaultConfigurationIsVisible = 0;
			defaultConfigurationName = Release;
		};
/* End XCConfigurationList section */
	};
	rootObject = 65EE328824F509DB00F1AF13 /* Project object */;
}
